
Microsoft Visual Studio Solution File, Format Version 12.00
# Visual Studio 2017
Project("{FAE04EC0-301F-11D3-BF4B-00C04F79EFBC}") = "360 Panorama SHG FINAL", "360 Panorama SHG FINAL.csproj", "{EA147874-66AA-16C5-5726-B2DF8076E018}"
EndProject
Project("{FAE04EC0-301F-11D3-BF4B-00C04F79EFBC}") = "360 Panorama SHG FINAL.Editor", "360 Panorama SHG FINAL.Editor.csproj", "{A3CCD4F4-A6A5-BF06-02AF-E0DC6C792E0D}"
EndProject
Global
	GlobalSection(SolutionConfigurationPlatforms) = preSolution
		Debug|Any CPU = Debug|Any CPU
		Release|Any CPU = Release|Any CPU
	EndGlobalSection
	GlobalSection(ProjectConfigurationPlatforms) = postSolution
		{EA147874-66AA-16C5-5726-B2DF8076E018}.Debug|Any CPU.ActiveCfg = Debug|Any CPU
		{EA147874-66AA-16C5-5726-B2DF8076E018}.Debug|Any CPU.Build.0 = Debug|Any CPU
		{EA147874-66AA-16C5-5726-B2DF8076E018}.Release|Any CPU.ActiveCfg = Release|Any CPU
		{EA147874-66AA-16C5-5726-B2DF8076E018}.Release|Any CPU.Build.0 = Release|Any CPU
		{A3CCD4F4-A6A5-BF06-02AF-E0DC6C792E0D}.Debug|Any CPU.ActiveCfg = Debug|Any CPU
		{A3CCD4F4-A6A5-BF06-02AF-E0DC6C792E0D}.Debug|Any CPU.Build.0 = Debug|Any CPU
		{A3CCD4F4-A6A5-BF06-02AF-E0DC6C792E0D}.Release|Any CPU.ActiveCfg = Release|Any CPU
		{A3CCD4F4-A6A5-BF06-02AF-E0DC6C792E0D}.Release|Any CPU.Build.0 = Release|Any CPU
	EndGlobalSection
	GlobalSection(SolutionProperties) = preSolution
		HideSolutionNode = FALSE
	EndGlobalSection
EndGlobal
