
Microsoft Visual Studio Solution File, Format Version 11.00
# Visual Studio 2010
Project("{FAE04EC0-301F-11D3-BF4B-00C04F79EFBC}") = "360 Panorama PARS", "Assembly-CSharp.csproj", "{21EF2B1B-41C5-A7DA-A91A-228A756A60C7}"
EndProject
Project("{FAE04EC0-301F-11D3-BF4B-00C04F79EFBC}") = "360 Panorama PARS", "Assembly-CSharp-Editor.csproj", "{631B2FD3-2CBE-D140-DBAC-38A3C86B8923}"
EndProject
Global
	GlobalSection(SolutionConfigurationPlatforms) = preSolution
		Debug|Any CPU = Debug|Any CPU
		Release|Any CPU = Release|Any CPU
	EndGlobalSection
	GlobalSection(ProjectConfigurationPlatforms) = postSolution
		{21EF2B1B-41C5-A7DA-A91A-228A756A60C7}.Debug|Any CPU.ActiveCfg = Debug|Any CPU
		{21EF2B1B-41C5-A7DA-A91A-228A756A60C7}.Debug|Any CPU.Build.0 = Debug|Any CPU
		{21EF2B1B-41C5-A7DA-A91A-228A756A60C7}.Release|Any CPU.ActiveCfg = Release|Any CPU
		{21EF2B1B-41C5-A7DA-A91A-228A756A60C7}.Release|Any CPU.Build.0 = Release|Any CPU
		{631B2FD3-2CBE-D140-DBAC-38A3C86B8923}.Debug|Any CPU.ActiveCfg = Debug|Any CPU
		{631B2FD3-2CBE-D140-DBAC-38A3C86B8923}.Debug|Any CPU.Build.0 = Debug|Any CPU
		{631B2FD3-2CBE-D140-DBAC-38A3C86B8923}.Release|Any CPU.ActiveCfg = Release|Any CPU
		{631B2FD3-2CBE-D140-DBAC-38A3C86B8923}.Release|Any CPU.Build.0 = Release|Any CPU
	EndGlobalSection
	GlobalSection(SolutionProperties) = preSolution
		HideSolutionNode = FALSE
	EndGlobalSection
	GlobalSection(MonoDevelopProperties) = preSolution
		StartupItem = Assembly-CSharp.csproj
	EndGlobalSection
EndGlobal
